
Microsoft Visual Studio Solution File, Format Version 12.00
# Visual Studio Version 16
VisualStudioVersion = 16.0.810.23
MinimumVisualStudioVersion = 10.0.40219.1
Project("{FAE04EC0-301F-11D3-BF4B-00C04F79EFBC}") = "vn_mode_csharp_dz08", "vn_mode_csharp_dz08.csproj", "{5A810AD8-6091-4075-9D8C-AA4170BE1EEE}"
EndProject
Global
	GlobalSection(SolutionConfigurationPlatforms) = preSolution
		Debug|Any CPU = Debug|Any CPU
		Release|Any CPU = Release|Any CPU
	EndGlobalSection
	GlobalSection(ProjectConfigurationPlatforms) = postSolution
		{5A810AD8-6091-4075-9D8C-AA4170BE1EEE}.Debug|Any CPU.ActiveCfg = Debug|Any CPU
		{5A810AD8-6091-4075-9D8C-AA4170BE1EEE}.Debug|Any CPU.Build.0 = Debug|Any CPU
		{5A810AD8-6091-4075-9D8C-AA4170BE1EEE}.Release|Any CPU.ActiveCfg = Release|Any CPU
		{5A810AD8-6091-4075-9D8C-AA4170BE1EEE}.Release|Any CPU.Build.0 = Release|Any CPU
	EndGlobalSection
	GlobalSection(SolutionProperties) = preSolution
		HideSolutionNode = FALSE
	EndGlobalSection
	GlobalSection(ExtensibilityGlobals) = postSolution
		SolutionGuid = {59A62FE8-E16F-4A8D-A3AE-A533F4DB0423}
	EndGlobalSection
EndGlobal
